
Microsoft Visual Studio Solution File, Format Version 12.00
# Visual Studio 15
VisualStudioVersion = 15.0.28010.2003
MinimumVisualStudioVersion = 10.0.40219.1
Project("{FAE04EC0-301F-11D3-BF4B-00C04F79EFBC}") = "SwissTransport", "src\SwissTransport\SwissTransport.csproj", "{D0262178-A48F-4DE0-807B-E76B63E39421}"
EndProject
Project("{FAE04EC0-301F-11D3-BF4B-00C04F79EFBC}") = "SwissTransportTest", "tests\SwissTransportTest\SwissTransportTest.csproj", "{959C6E54-5B1C-40F5-938A-C57B17451421}"
EndProject
Project("{FAE04EC0-301F-11D3-BF4B-00C04F79EFBC}") = "Fahrplan", "src\SwissTransportGUI\Fahrplan.csproj", "{B9B72571-0BD6-4335-9A39-ADE3FF7376BA}"
EndProject
Project("{54435603-DBB4-11D2-8724-00A0C9A8B90C}") = "Setup_Fahrplan", "Setup_Fahrplan\Setup_Fahrplan.vdproj", "{D74A05FB-F573-4706-BE02-09C9287CEF76}"
EndProject
Global
	GlobalSection(SolutionConfigurationPlatforms) = preSolution
		Debug|Any CPU = Debug|Any CPU
		Release|Any CPU = Release|Any CPU
	EndGlobalSection
	GlobalSection(ProjectConfigurationPlatforms) = postSolution
		{D0262178-A48F-4DE0-807B-E76B63E39421}.Debug|Any CPU.ActiveCfg = Debug|Any CPU
		{D0262178-A48F-4DE0-807B-E76B63E39421}.Debug|Any CPU.Build.0 = Debug|Any CPU
		{D0262178-A48F-4DE0-807B-E76B63E39421}.Release|Any CPU.ActiveCfg = Release|Any CPU
		{D0262178-A48F-4DE0-807B-E76B63E39421}.Release|Any CPU.Build.0 = Release|Any CPU
		{959C6E54-5B1C-40F5-938A-C57B17451421}.Debug|Any CPU.ActiveCfg = Debug|Any CPU
		{959C6E54-5B1C-40F5-938A-C57B17451421}.Debug|Any CPU.Build.0 = Debug|Any CPU
		{959C6E54-5B1C-40F5-938A-C57B17451421}.Release|Any CPU.ActiveCfg = Release|Any CPU
		{959C6E54-5B1C-40F5-938A-C57B17451421}.Release|Any CPU.Build.0 = Release|Any CPU
		{B9B72571-0BD6-4335-9A39-ADE3FF7376BA}.Debug|Any CPU.ActiveCfg = Debug|Any CPU
		{B9B72571-0BD6-4335-9A39-ADE3FF7376BA}.Debug|Any CPU.Build.0 = Debug|Any CPU
		{B9B72571-0BD6-4335-9A39-ADE3FF7376BA}.Release|Any CPU.ActiveCfg = Release|Any CPU
		{B9B72571-0BD6-4335-9A39-ADE3FF7376BA}.Release|Any CPU.Build.0 = Release|Any CPU
		{D74A05FB-F573-4706-BE02-09C9287CEF76}.Debug|Any CPU.ActiveCfg = Debug
		{D74A05FB-F573-4706-BE02-09C9287CEF76}.Release|Any CPU.ActiveCfg = Release
	EndGlobalSection
	GlobalSection(SolutionProperties) = preSolution
		HideSolutionNode = FALSE
	EndGlobalSection
	GlobalSection(ExtensibilityGlobals) = postSolution
		SolutionGuid = {75FD6710-8251-4052-85AF-F04E3046549A}
	EndGlobalSection
EndGlobal
